
Microsoft Visual Studio Solution File, Format Version 12.00
# Visual Studio 15
VisualStudioVersion = 15.0.26124.0
MinimumVisualStudioVersion = 15.0.26124.0
Project("{FAE04EC0-301F-11D3-BF4B-00C04F79EFBC}") = "Calculator", "Calculator\Calculator.csproj", "{75DAECC0-3E41-4D04-8750-1AB0B51F219A}"
EndProject
Project("{FAE04EC0-301F-11D3-BF4B-00C04F79EFBC}") = "Calculator.Tests", "Calculator.Tests\Calculator.Tests.csproj", "{49AE73B1-E481-46E8-B750-AFB902082FDD}"
EndProject
Global
	GlobalSection(SolutionConfigurationPlatforms) = preSolution
		Debug|Any CPU = Debug|Any CPU
		Debug|x64 = Debug|x64
		Debug|x86 = Debug|x86
		Release|Any CPU = Release|Any CPU
		Release|x64 = Release|x64
		Release|x86 = Release|x86
	EndGlobalSection
	GlobalSection(SolutionProperties) = preSolution
		HideSolutionNode = FALSE
	EndGlobalSection
	GlobalSection(ProjectConfigurationPlatforms) = postSolution
		{75DAECC0-3E41-4D04-8750-1AB0B51F219A}.Debug|Any CPU.ActiveCfg = Debug|Any CPU
		{75DAECC0-3E41-4D04-8750-1AB0B51F219A}.Debug|Any CPU.Build.0 = Debug|Any CPU
		{75DAECC0-3E41-4D04-8750-1AB0B51F219A}.Debug|x64.ActiveCfg = Debug|Any CPU
		{75DAECC0-3E41-4D04-8750-1AB0B51F219A}.Debug|x64.Build.0 = Debug|Any CPU
		{75DAECC0-3E41-4D04-8750-1AB0B51F219A}.Debug|x86.ActiveCfg = Debug|Any CPU
		{75DAECC0-3E41-4D04-8750-1AB0B51F219A}.Debug|x86.Build.0 = Debug|Any CPU
		{75DAECC0-3E41-4D04-8750-1AB0B51F219A}.Release|Any CPU.ActiveCfg = Release|Any CPU
		{75DAECC0-3E41-4D04-8750-1AB0B51F219A}.Release|Any CPU.Build.0 = Release|Any CPU
		{75DAECC0-3E41-4D04-8750-1AB0B51F219A}.Release|x64.ActiveCfg = Release|Any CPU
		{75DAECC0-3E41-4D04-8750-1AB0B51F219A}.Release|x64.Build.0 = Release|Any CPU
		{75DAECC0-3E41-4D04-8750-1AB0B51F219A}.Release|x86.ActiveCfg = Release|Any CPU
		{75DAECC0-3E41-4D04-8750-1AB0B51F219A}.Release|x86.Build.0 = Release|Any CPU
		{49AE73B1-E481-46E8-B750-AFB902082FDD}.Debug|Any CPU.ActiveCfg = Debug|Any CPU
		{49AE73B1-E481-46E8-B750-AFB902082FDD}.Debug|Any CPU.Build.0 = Debug|Any CPU
		{49AE73B1-E481-46E8-B750-AFB902082FDD}.Debug|x64.ActiveCfg = Debug|Any CPU
		{49AE73B1-E481-46E8-B750-AFB902082FDD}.Debug|x64.Build.0 = Debug|Any CPU
		{49AE73B1-E481-46E8-B750-AFB902082FDD}.Debug|x86.ActiveCfg = Debug|Any CPU
		{49AE73B1-E481-46E8-B750-AFB902082FDD}.Debug|x86.Build.0 = Debug|Any CPU
		{49AE73B1-E481-46E8-B750-AFB902082FDD}.Release|Any CPU.ActiveCfg = Release|Any CPU
		{49AE73B1-E481-46E8-B750-AFB902082FDD}.Release|Any CPU.Build.0 = Release|Any CPU
		{49AE73B1-E481-46E8-B750-AFB902082FDD}.Release|x64.ActiveCfg = Release|Any CPU
		{49AE73B1-E481-46E8-B750-AFB902082FDD}.Release|x64.Build.0 = Release|Any CPU
		{49AE73B1-E481-46E8-B750-AFB902082FDD}.Release|x86.ActiveCfg = Release|Any CPU
		{49AE73B1-E481-46E8-B750-AFB902082FDD}.Release|x86.Build.0 = Release|Any CPU
	EndGlobalSection
EndGlobal
